// !$*UTF8*$!
{
	archiveVersion = 1;
	classes = {
	};
	objectVersion = 46;
	objects = {

/* Begin PBXBuildFile section */
		400185C215D9A00600962CA5 /* testImage.png in Resources */ = {isa = PBXBuildFile; fileRef = 400185C115D9A00600962CA5 /* testImage.png */; };
		4020C55215D0576E009D9459 /* homeDetailViewController.m in Sources */ = {isa = PBXBuildFile; fileRef = 4020C55115D0576E009D9459 /* homeDetailViewController.m */; };
		4020C55515D059A2009D9459 /* homeMasterViewController.m in Sources */ = {isa = PBXBuildFile; fileRef = 4020C55415D059A2009D9459 /* homeMasterViewController.m */; };
		4036B5F815DD78A8009B546F /* bg-bar-red.png in Resources */ = {isa = PBXBuildFile; fileRef = 4036B5F715DD78A8009B546F /* bg-bar-red.png */; };
		4036B5FB15DDDFDF009B546F /* MasterView.m in Sources */ = {isa = PBXBuildFile; fileRef = 4036B5FA15DDDFDF009B546F /* MasterView.m */; };
		4045C09215C79B5C00FF9353 /* QuartzCore.framework in Frameworks */ = {isa = PBXBuildFile; fileRef = 4045C09115C79B5C00FF9353 /* QuartzCore.framework */; };
		405277A115CA350E0031E022 /* GridTableViewCell.m in Sources */ = {isa = PBXBuildFile; fileRef = 405277A015CA350E0031E022 /* GridTableViewCell.m */; };
		4055BF6115DB069C00CF0701 /* GroupViewController.m in Sources */ = {isa = PBXBuildFile; fileRef = 4055BF6015DB069C00CF0701 /* GroupViewController.m */; };
		4055BF6C15DB144300CF0701 /* bg-main.png in Resources */ = {isa = PBXBuildFile; fileRef = 4055BF6B15DB144300CF0701 /* bg-main.png */; };
		4055BF7015DB16EF00CF0701 /* bg-bar-blue.png in Resources */ = {isa = PBXBuildFile; fileRef = 4055BF6D15DB16EF00CF0701 /* bg-bar-blue.png */; };
		4055BF7115DB16EF00CF0701 /* bg-bar-green.png in Resources */ = {isa = PBXBuildFile; fileRef = 4055BF6E15DB16EF00CF0701 /* bg-bar-green.png */; };
		4055BF7515DCB03E00CF0701 /* GroupViewCell.m in Sources */ = {isa = PBXBuildFile; fileRef = 4055BF7415DCB03E00CF0701 /* GroupViewCell.m */; };
		4071F9ED15DE048900714075 /* bg-production.jpg in Resources */ = {isa = PBXBuildFile; fileRef = 4071F9EC15DE048900714075 /* bg-production.jpg */; };
		4071F9F115DE066900714075 /* ContactsViewController.m in Sources */ = {isa = PBXBuildFile; fileRef = 4071F9F015DE066900714075 /* ContactsViewController.m */; };
		4071F9F415DE068800714075 /* ContactsView.m in Sources */ = {isa = PBXBuildFile; fileRef = 4071F9F315DE068800714075 /* ContactsView.m */; };
		4073FC3E15EC7ACD00E1A96D /* Group.m in Sources */ = {isa = PBXBuildFile; fileRef = 4073FC3D15EC7ACD00E1A96D /* Group.m */; };
		4073FC4215EC7D4500E1A96D /* userData.m in Sources */ = {isa = PBXBuildFile; fileRef = 4073FC4115EC7D4500E1A96D /* userData.m */; };
		4073FC4515ED8A3400E1A96D /* performerCell.m in Sources */ = {isa = PBXBuildFile; fileRef = 4073FC4415ED8A3400E1A96D /* performerCell.m */; };
		4073FC4815EEC34300E1A96D /* CreatePerformance.m in Sources */ = {isa = PBXBuildFile; fileRef = 4073FC4715EEC34300E1A96D /* CreatePerformance.m */; };
		4073FC4B15EEC36A00E1A96D /* AddPerformanceViewController.m in Sources */ = {isa = PBXBuildFile; fileRef = 4073FC4A15EEC36900E1A96D /* AddPerformanceViewController.m */; };
		407677FA15D0794100057063 /* RadialGloss.m in Sources */ = {isa = PBXBuildFile; fileRef = 407677F915D0794100057063 /* RadialGloss.m */; };
		4076781415D6D6E700057063 /* homeDetailViewCell.m in Sources */ = {isa = PBXBuildFile; fileRef = 4076781315D6D6E700057063 /* homeDetailViewCell.m */; };
		4088CA5C15EF233500163B66 /* Frame.m in Sources */ = {isa = PBXBuildFile; fileRef = 4088CA5B15EF233500163B66 /* Frame.m */; };
		4088CA5F15EFDC3500163B66 /* production-settings.png in Resources */ = {isa = PBXBuildFile; fileRef = 4088CA5E15EFDC3500163B66 /* production-settings.png */; };
		4088CA6215F00B3500163B66 /* Position.m in Sources */ = {isa = PBXBuildFile; fileRef = 4088CA6115F00B3400163B66 /* Position.m */; };
		4088CA6515F56B3C00163B66 /* NoteViewController.m in Sources */ = {isa = PBXBuildFile; fileRef = 4088CA6415F56B3C00163B66 /* NoteViewController.m */; };
		4088CA6815F56BBB00163B66 /* NoteView.m in Sources */ = {isa = PBXBuildFile; fileRef = 4088CA6715F56BBB00163B66 /* NoteView.m */; };
		4088CA6B15F588FF00163B66 /* TimeLineViewCell.m in Sources */ = {isa = PBXBuildFile; fileRef = 4088CA6A15F588FE00163B66 /* TimeLineViewCell.m */; };
		40A656D715C1B9D200DEC2ED /* UIKit.framework in Frameworks */ = {isa = PBXBuildFile; fileRef = 40A656D615C1B9D200DEC2ED /* UIKit.framework */; };
		40A656D915C1B9D200DEC2ED /* Foundation.framework in Frameworks */ = {isa = PBXBuildFile; fileRef = 40A656D815C1B9D200DEC2ED /* Foundation.framework */; };
		40A656DB15C1B9D200DEC2ED /* CoreGraphics.framework in Frameworks */ = {isa = PBXBuildFile; fileRef = 40A656DA15C1B9D200DEC2ED /* CoreGraphics.framework */; };
		40A656E115C1B9D200DEC2ED /* InfoPlist.strings in Resources */ = {isa = PBXBuildFile; fileRef = 40A656DF15C1B9D200DEC2ED /* InfoPlist.strings */; };
		40A656E315C1B9D200DEC2ED /* main.m in Sources */ = {isa = PBXBuildFile; fileRef = 40A656E215C1B9D200DEC2ED /* main.m */; };
		40A656E715C1B9D200DEC2ED /* AppDelegate.m in Sources */ = {isa = PBXBuildFile; fileRef = 40A656E615C1B9D200DEC2ED /* AppDelegate.m */; };
		40A656EF15C1BD3B00DEC2ED /* Production.m in Sources */ = {isa = PBXBuildFile; fileRef = 40A656EE15C1BD3B00DEC2ED /* Production.m */; };
		40A656F215C1BEE600DEC2ED /* Scene.m in Sources */ = {isa = PBXBuildFile; fileRef = 40A656F115C1BEE600DEC2ED /* Scene.m */; };
		40A656F915C1BF4900DEC2ED /* SetPiece.m in Sources */ = {isa = PBXBuildFile; fileRef = 40A656F815C1BF4900DEC2ED /* SetPiece.m */; };
		40A656FC15C1BF5C00DEC2ED /* Performer.m in Sources */ = {isa = PBXBuildFile; fileRef = 40A656FB15C1BF5C00DEC2ED /* Performer.m */; };
		40A6570115C1CB6D00DEC2ED /* Location.m in Sources */ = {isa = PBXBuildFile; fileRef = 40A6570015C1CB6D00DEC2ED /* Location.m */; };
		40A6570415C1D52E00DEC2ED /* Stage.m in Sources */ = {isa = PBXBuildFile; fileRef = 40A6570315C1D52E00DEC2ED /* Stage.m */; };
		40A6570A15C1E7B300DEC2ED /* MainView.m in Sources */ = {isa = PBXBuildFile; fileRef = 40A6570915C1E7B300DEC2ED /* MainView.m */; };
		40A6570E15C1ED3500DEC2ED /* MainViewController.m in Sources */ = {isa = PBXBuildFile; fileRef = 40A6570D15C1ED3400DEC2ED /* MainViewController.m */; };
		40A6571315C1EFF900DEC2ED /* Strings.plist in Resources */ = {isa = PBXBuildFile; fileRef = 40A6571215C1EFF900DEC2ED /* Strings.plist */; };
		40A6571615C7601100DEC2ED /* StageEditorController.m in Sources */ = {isa = PBXBuildFile; fileRef = 40A6571515C7601100DEC2ED /* StageEditorController.m */; };
		40A6571915C7605A00DEC2ED /* StageEditor.m in Sources */ = {isa = PBXBuildFile; fileRef = 40A6571815C7605A00DEC2ED /* StageEditor.m */; };
		40A6571B15C7661500DEC2ED /* redCurtains.jpeg in Resources */ = {isa = PBXBuildFile; fileRef = 40A6571A15C7661500DEC2ED /* redCurtains.jpeg */; };
		40BC356815CA437F00134880 /* performer.png in Resources */ = {isa = PBXBuildFile; fileRef = 40BC356715CA437F00134880 /* performer.png */; };
		40E4F75015E45BAE0058483D /* CreateGroupView.m in Sources */ = {isa = PBXBuildFile; fileRef = 40E4F74F15E45BAE0058483D /* CreateGroupView.m */; };
		40E4F75415E496D00058483D /* AddGroupViewController.m in Sources */ = {isa = PBXBuildFile; fileRef = 40E4F75315E496D00058483D /* AddGroupViewController.m */; };
		40E4F75715E5907E0058483D /* CreateMemberView.m in Sources */ = {isa = PBXBuildFile; fileRef = 40E4F75615E5907D0058483D /* CreateMemberView.m */; };
		40E4F75A15E590B60058483D /* AddMemberViewController.m in Sources */ = {isa = PBXBuildFile; fileRef = 40E4F75915E590B50058483D /* AddMemberViewController.m */; };
		571013B516FA45AF00786F07 /* DummyMainView.m in Sources */ = {isa = PBXBuildFile; fileRef = 571013B416FA45AF00786F07 /* DummyMainView.m */; };
		571013BC16FA96AA00786F07 /* DummyMainViewController.m in Sources */ = {isa = PBXBuildFile; fileRef = 571013BB16FA96AA00786F07 /* DummyMainViewController.m */; };
		5757A4AF16D5EF14007D172C /* bg-bar-violet.png in Resources */ = {isa = PBXBuildFile; fileRef = 5757A4AE16D5EF14007D172C /* bg-bar-violet.png */; };
/* End PBXBuildFile section */

/* Begin PBXFileReference section */
		400185C115D9A00600962CA5 /* testImage.png */ = {isa = PBXFileReference; lastKnownFileType = image.png; path = testImage.png; sourceTree = "<group>"; };
		4020C55015D0576E009D9459 /* homeDetailViewController.h */ = {isa = PBXFileReference; fileEncoding = 4; lastKnownFileType = sourcecode.c.h; name = homeDetailViewController.h; path = Controllers/homeDetailViewController.h; sourceTree = "<group>"; };
		4020C55115D0576E009D9459 /* homeDetailViewController.m */ = {isa = PBXFileReference; fileEncoding = 4; lastKnownFileType = sourcecode.c.objc; name = homeDetailViewController.m; path = Controllers/homeDetailViewController.m; sourceTree = "<group>"; };
		4020C55315D059A2009D9459 /* homeMasterViewController.h */ = {isa = PBXFileReference; fileEncoding = 4; lastKnownFileType = sourcecode.c.h; name = homeMasterViewController.h; path = Controllers/homeMasterViewController.h; sourceTree = "<group>"; };
		4020C55415D059A2009D9459 /* homeMasterViewController.m */ = {isa = PBXFileReference; fileEncoding = 4; lastKnownFileType = sourcecode.c.objc; name = homeMasterViewController.m; path = Controllers/homeMasterViewController.m; sourceTree = "<group>"; };
		4036B5F715DD78A8009B546F /* bg-bar-red.png */ = {isa = PBXFileReference; lastKnownFileType = image.png; path = "bg-bar-red.png"; sourceTree = "<group>"; };
		4036B5F915DDDFDF009B546F /* MasterView.h */ = {isa = PBXFileReference; fileEncoding = 4; lastKnownFileType = sourcecode.c.h; name = MasterView.h; path = Views/MasterView.h; sourceTree = "<group>"; };
		4036B5FA15DDDFDF009B546F /* MasterView.m */ = {isa = PBXFileReference; fileEncoding = 4; lastKnownFileType = sourcecode.c.objc; name = MasterView.m; path = Views/MasterView.m; sourceTree = "<group>"; };
		4045C09115C79B5C00FF9353 /* QuartzCore.framework */ = {isa = PBXFileReference; lastKnownFileType = wrapper.framework; name = QuartzCore.framework; path = System/Library/Frameworks/QuartzCore.framework; sourceTree = SDKROOT; };
		4052779F15CA350E0031E022 /* GridTableViewCell.h */ = {isa = PBXFileReference; fileEncoding = 4; lastKnownFileType = sourcecode.c.h; name = GridTableViewCell.h; path = Views/GridTableViewCell.h; sourceTree = "<group>"; };
		405277A015CA350E0031E022 /* GridTableViewCell.m */ = {isa = PBXFileReference; fileEncoding = 4; lastKnownFileType = sourcecode.c.objc; name = GridTableViewCell.m; path = Views/GridTableViewCell.m; sourceTree = "<group>"; };
		4055BF5F15DB069C00CF0701 /* GroupViewController.h */ = {isa = PBXFileReference; fileEncoding = 4; lastKnownFileType = sourcecode.c.h; name = GroupViewController.h; path = Controllers/GroupViewController.h; sourceTree = "<group>"; };
		4055BF6015DB069C00CF0701 /* GroupViewController.m */ = {isa = PBXFileReference; fileEncoding = 4; lastKnownFileType = sourcecode.c.objc; name = GroupViewController.m; path = Controllers/GroupViewController.m; sourceTree = "<group>"; };
		4055BF6B15DB144300CF0701 /* bg-main.png */ = {isa = PBXFileReference; lastKnownFileType = image.png; path = "bg-main.png"; sourceTree = "<group>"; };
		4055BF6D15DB16EF00CF0701 /* bg-bar-blue.png */ = {isa = PBXFileReference; lastKnownFileType = image.png; path = "bg-bar-blue.png"; sourceTree = "<group>"; };
		4055BF6E15DB16EF00CF0701 /* bg-bar-green.png */ = {isa = PBXFileReference; lastKnownFileType = image.png; path = "bg-bar-green.png"; sourceTree = "<group>"; };
		4055BF7315DCB03E00CF0701 /* GroupViewCell.h */ = {isa = PBXFileReference; fileEncoding = 4; lastKnownFileType = sourcecode.c.h; name = GroupViewCell.h; path = Views/GroupViewCell.h; sourceTree = "<group>"; };
		4055BF7415DCB03E00CF0701 /* GroupViewCell.m */ = {isa = PBXFileReference; fileEncoding = 4; lastKnownFileType = sourcecode.c.objc; name = GroupViewCell.m; path = Views/GroupViewCell.m; sourceTree = "<group>"; };
		4071F9EC15DE048900714075 /* bg-production.jpg */ = {isa = PBXFileReference; lastKnownFileType = image.jpeg; path = "bg-production.jpg"; sourceTree = "<group>"; };
		4071F9EF15DE066900714075 /* ContactsViewController.h */ = {isa = PBXFileReference; fileEncoding = 4; lastKnownFileType = sourcecode.c.h; name = ContactsViewController.h; path = Controllers/ContactsViewController.h; sourceTree = "<group>"; };
		4071F9F015DE066900714075 /* ContactsViewController.m */ = {isa = PBXFileReference; fileEncoding = 4; lastKnownFileType = sourcecode.c.objc; name = ContactsViewController.m; path = Controllers/ContactsViewController.m; sourceTree = "<group>"; };
		4071F9F215DE068800714075 /* ContactsView.h */ = {isa = PBXFileReference; fileEncoding = 4; lastKnownFileType = sourcecode.c.h; name = ContactsView.h; path = Views/ContactsView.h; sourceTree = "<group>"; };
		4071F9F315DE068800714075 /* ContactsView.m */ = {isa = PBXFileReference; fileEncoding = 4; lastKnownFileType = sourcecode.c.objc; name = ContactsView.m; path = Views/ContactsView.m; sourceTree = "<group>"; };
		4073FC3C15EC7ACD00E1A96D /* Group.h */ = {isa = PBXFileReference; fileEncoding = 4; lastKnownFileType = sourcecode.c.h; name = Group.h; path = Models/Group.h; sourceTree = "<group>"; };
		4073FC3D15EC7ACD00E1A96D /* Group.m */ = {isa = PBXFileReference; fileEncoding = 4; lastKnownFileType = sourcecode.c.objc; name = Group.m; path = Models/Group.m; sourceTree = "<group>"; };
		4073FC4015EC7D4500E1A96D /* userData.h */ = {isa = PBXFileReference; fileEncoding = 4; lastKnownFileType = sourcecode.c.h; name = userData.h; path = Models/userData.h; sourceTree = "<group>"; };
		4073FC4115EC7D4500E1A96D /* userData.m */ = {isa = PBXFileReference; fileEncoding = 4; lastKnownFileType = sourcecode.c.objc; name = userData.m; path = Models/userData.m; sourceTree = "<group>"; };
		4073FC4315ED8A3400E1A96D /* performerCell.h */ = {isa = PBXFileReference; fileEncoding = 4; lastKnownFileType = sourcecode.c.h; name = performerCell.h; path = Views/performerCell.h; sourceTree = "<group>"; };
		4073FC4415ED8A3400E1A96D /* performerCell.m */ = {isa = PBXFileReference; fileEncoding = 4; lastKnownFileType = sourcecode.c.objc; name = performerCell.m; path = Views/performerCell.m; sourceTree = "<group>"; };
		4073FC4615EEC34200E1A96D /* CreatePerformance.h */ = {isa = PBXFileReference; fileEncoding = 4; lastKnownFileType = sourcecode.c.h; name = CreatePerformance.h; path = Views/CreatePerformance.h; sourceTree = "<group>"; };
		4073FC4715EEC34300E1A96D /* CreatePerformance.m */ = {isa = PBXFileReference; fileEncoding = 4; lastKnownFileType = sourcecode.c.objc; name = CreatePerformance.m; path = Views/CreatePerformance.m; sourceTree = "<group>"; };
		4073FC4915EEC36900E1A96D /* AddPerformanceViewController.h */ = {isa = PBXFileReference; fileEncoding = 4; lastKnownFileType = sourcecode.c.h; name = AddPerformanceViewController.h; path = Controllers/AddPerformanceViewController.h; sourceTree = "<group>"; };
		4073FC4A15EEC36900E1A96D /* AddPerformanceViewController.m */ = {isa = PBXFileReference; fileEncoding = 4; lastKnownFileType = sourcecode.c.objc; name = AddPerformanceViewController.m; path = Controllers/AddPerformanceViewController.m; sourceTree = "<group>"; };
		407677F815D0794100057063 /* RadialGloss.h */ = {isa = PBXFileReference; fileEncoding = 4; lastKnownFileType = sourcecode.c.h; name = RadialGloss.h; path = Views/RadialGloss.h; sourceTree = "<group>"; };
		407677F915D0794100057063 /* RadialGloss.m */ = {isa = PBXFileReference; fileEncoding = 4; lastKnownFileType = sourcecode.c.objc; name = RadialGloss.m; path = Views/RadialGloss.m; sourceTree = "<group>"; };
		4076781215D6D6E700057063 /* homeDetailViewCell.h */ = {isa = PBXFileReference; fileEncoding = 4; lastKnownFileType = sourcecode.c.h; name = homeDetailViewCell.h; path = Views/homeDetailViewCell.h; sourceTree = "<group>"; };
		4076781315D6D6E700057063 /* homeDetailViewCell.m */ = {isa = PBXFileReference; fileEncoding = 4; lastKnownFileType = sourcecode.c.objc; name = homeDetailViewCell.m; path = Views/homeDetailViewCell.m; sourceTree = "<group>"; };
		4088CA5A15EF233500163B66 /* Frame.h */ = {isa = PBXFileReference; fileEncoding = 4; lastKnownFileType = sourcecode.c.h; name = Frame.h; path = Models/Frame.h; sourceTree = "<group>"; };
		4088CA5B15EF233500163B66 /* Frame.m */ = {isa = PBXFileReference; fileEncoding = 4; lastKnownFileType = sourcecode.c.objc; name = Frame.m; path = Models/Frame.m; sourceTree = "<group>"; };
		4088CA5E15EFDC3500163B66 /* production-settings.png */ = {isa = PBXFileReference; lastKnownFileType = image.png; path = "production-settings.png"; sourceTree = "<group>"; };
		4088CA6015F00B3400163B66 /* Position.h */ = {isa = PBXFileReference; fileEncoding = 4; lastKnownFileType = sourcecode.c.h; name = Position.h; path = Models/Position.h; sourceTree = "<group>"; };
		4088CA6115F00B3400163B66 /* Position.m */ = {isa = PBXFileReference; fileEncoding = 4; lastKnownFileType = sourcecode.c.objc; name = Position.m; path = Models/Position.m; sourceTree = "<group>"; };
		4088CA6315F56B3B00163B66 /* NoteViewController.h */ = {isa = PBXFileReference; fileEncoding = 4; lastKnownFileType = sourcecode.c.h; name = NoteViewController.h; path = Controllers/NoteViewController.h; sourceTree = "<group>"; };
		4088CA6415F56B3C00163B66 /* NoteViewController.m */ = {isa = PBXFileReference; fileEncoding = 4; lastKnownFileType = sourcecode.c.objc; name = NoteViewController.m; path = Controllers/NoteViewController.m; sourceTree = "<group>"; };
		4088CA6615F56BBB00163B66 /* NoteView.h */ = {isa = PBXFileReference; fileEncoding = 4; lastKnownFileType = sourcecode.c.h; name = NoteView.h; path = Views/NoteView.h; sourceTree = "<group>"; };
		4088CA6715F56BBB00163B66 /* NoteView.m */ = {isa = PBXFileReference; fileEncoding = 4; lastKnownFileType = sourcecode.c.objc; name = NoteView.m; path = Views/NoteView.m; sourceTree = "<group>"; };
		4088CA6915F588FD00163B66 /* TimeLineViewCell.h */ = {isa = PBXFileReference; fileEncoding = 4; lastKnownFileType = sourcecode.c.h; name = TimeLineViewCell.h; path = Views/TimeLineViewCell.h; sourceTree = "<group>"; };
		4088CA6A15F588FE00163B66 /* TimeLineViewCell.m */ = {isa = PBXFileReference; fileEncoding = 4; lastKnownFileType = sourcecode.c.objc; name = TimeLineViewCell.m; path = Views/TimeLineViewCell.m; sourceTree = "<group>"; };
		40A656D215C1B9D200DEC2ED /* BlockLight.app */ = {isa = PBXFileReference; explicitFileType = wrapper.application; includeInIndex = 0; path = BlockLight.app; sourceTree = BUILT_PRODUCTS_DIR; };
		40A656D615C1B9D200DEC2ED /* UIKit.framework */ = {isa = PBXFileReference; lastKnownFileType = wrapper.framework; name = UIKit.framework; path = System/Library/Frameworks/UIKit.framework; sourceTree = SDKROOT; };
		40A656D815C1B9D200DEC2ED /* Foundation.framework */ = {isa = PBXFileReference; lastKnownFileType = wrapper.framework; name = Foundation.framework; path = System/Library/Frameworks/Foundation.framework; sourceTree = SDKROOT; };
		40A656DA15C1B9D200DEC2ED /* CoreGraphics.framework */ = {isa = PBXFileReference; lastKnownFileType = wrapper.framework; name = CoreGraphics.framework; path = System/Library/Frameworks/CoreGraphics.framework; sourceTree = SDKROOT; };
		40A656DE15C1B9D200DEC2ED /* BlockLight-Info.plist */ = {isa = PBXFileReference; lastKnownFileType = text.plist.xml; path = "BlockLight-Info.plist"; sourceTree = "<group>"; };
		40A656E015C1B9D200DEC2ED /* en */ = {isa = PBXFileReference; lastKnownFileType = text.plist.strings; name = en; path = en.lproj/InfoPlist.strings; sourceTree = "<group>"; };
		40A656E215C1B9D200DEC2ED /* main.m */ = {isa = PBXFileReference; lastKnownFileType = sourcecode.c.objc; path = main.m; sourceTree = "<group>"; };
		40A656E415C1B9D200DEC2ED /* BlockLight-Prefix.pch */ = {isa = PBXFileReference; lastKnownFileType = sourcecode.c.h; path = "BlockLight-Prefix.pch"; sourceTree = "<group>"; };
		40A656E515C1B9D200DEC2ED /* AppDelegate.h */ = {isa = PBXFileReference; lastKnownFileType = sourcecode.c.h; path = AppDelegate.h; sourceTree = "<group>"; };
		40A656E615C1B9D200DEC2ED /* AppDelegate.m */ = {isa = PBXFileReference; lastKnownFileType = sourcecode.c.objc; path = AppDelegate.m; sourceTree = "<group>"; };
		40A656ED15C1BD3B00DEC2ED /* Production.h */ = {isa = PBXFileReference; fileEncoding = 4; lastKnownFileType = sourcecode.c.h; name = Production.h; path = Models/Production.h; sourceTree = "<group>"; };
		40A656EE15C1BD3B00DEC2ED /* Production.m */ = {isa = PBXFileReference; fileEncoding = 4; lastKnownFileType = sourcecode.c.objc; name = Production.m; path = Models/Production.m; sourceTree = "<group>"; };
		40A656F015C1BEE600DEC2ED /* Scene.h */ = {isa = PBXFileReference; fileEncoding = 4; lastKnownFileType = sourcecode.c.h; path = Scene.h; sourceTree = "<group>"; };
		40A656F115C1BEE600DEC2ED /* Scene.m */ = {isa = PBXFileReference; fileEncoding = 4; lastKnownFileType = sourcecode.c.objc; path = Scene.m; sourceTree = "<group>"; };
		40A656F715C1BF4900DEC2ED /* SetPiece.h */ = {isa = PBXFileReference; fileEncoding = 4; lastKnownFileType = sourcecode.c.h; name = SetPiece.h; path = Models/SetPiece.h; sourceTree = "<group>"; };
		40A656F815C1BF4900DEC2ED /* SetPiece.m */ = {isa = PBXFileReference; fileEncoding = 4; lastKnownFileType = sourcecode.c.objc; name = SetPiece.m; path = Models/SetPiece.m; sourceTree = "<group>"; };
		40A656FA15C1BF5C00DEC2ED /* Performer.h */ = {isa = PBXFileReference; fileEncoding = 4; lastKnownFileType = sourcecode.c.h; name = Performer.h; path = Models/Performer.h; sourceTree = "<group>"; };
		40A656FB15C1BF5C00DEC2ED /* Performer.m */ = {isa = PBXFileReference; fileEncoding = 4; lastKnownFileType = sourcecode.c.objc; name = Performer.m; path = Models/Performer.m; sourceTree = "<group>"; };
		40A656FD15C1C8FB00DEC2ED /* Defaults.h */ = {isa = PBXFileReference; fileEncoding = 4; lastKnownFileType = sourcecode.c.h; path = Defaults.h; sourceTree = "<group>"; };
		40A656FF15C1CB6D00DEC2ED /* Location.h */ = {isa = PBXFileReference; fileEncoding = 4; lastKnownFileType = sourcecode.c.h; path = Location.h; sourceTree = "<group>"; };
		40A6570015C1CB6D00DEC2ED /* Location.m */ = {isa = PBXFileReference; fileEncoding = 4; lastKnownFileType = sourcecode.c.objc; path = Location.m; sourceTree = "<group>"; };
		40A6570215C1D52D00DEC2ED /* Stage.h */ = {isa = PBXFileReference; fileEncoding = 4; lastKnownFileType = sourcecode.c.h; name = Stage.h; path = Models/Stage.h; sourceTree = "<group>"; };
		40A6570315C1D52E00DEC2ED /* Stage.m */ = {isa = PBXFileReference; fileEncoding = 4; lastKnownFileType = sourcecode.c.objc; name = Stage.m; path = Models/Stage.m; sourceTree = "<group>"; };
		40A6570815C1E7B300DEC2ED /* MainView.h */ = {isa = PBXFileReference; fileEncoding = 4; lastKnownFileType = sourcecode.c.h; name = MainView.h; path = Views/MainView.h; sourceTree = "<group>"; };
		40A6570915C1E7B300DEC2ED /* MainView.m */ = {isa = PBXFileReference; fileEncoding = 4; lastKnownFileType = sourcecode.c.objc; name = MainView.m; path = Views/MainView.m; sourceTree = "<group>"; };
		40A6570C15C1ED3400DEC2ED /* MainViewController.h */ = {isa = PBXFileReference; fileEncoding = 4; lastKnownFileType = sourcecode.c.h; name = MainViewController.h; path = Controllers/MainViewController.h; sourceTree = "<group>"; };
		40A6570D15C1ED3400DEC2ED /* MainViewController.m */ = {isa = PBXFileReference; fileEncoding = 4; lastKnownFileType = sourcecode.c.objc; name = MainViewController.m; path = Controllers/MainViewController.m; sourceTree = "<group>"; };
		40A6571215C1EFF900DEC2ED /* Strings.plist */ = {isa = PBXFileReference; fileEncoding = 4; lastKnownFileType = text.plist.xml; path = Strings.plist; sourceTree = "<group>"; };
		40A6571415C7601100DEC2ED /* StageEditorController.h */ = {isa = PBXFileReference; fileEncoding = 4; lastKnownFileType = sourcecode.c.h; name = StageEditorController.h; path = Controllers/StageEditorController.h; sourceTree = "<group>"; };
		40A6571515C7601100DEC2ED /* StageEditorController.m */ = {isa = PBXFileReference; fileEncoding = 4; lastKnownFileType = sourcecode.c.objc; name = StageEditorController.m; path = Controllers/StageEditorController.m; sourceTree = "<group>"; };
		40A6571715C7605A00DEC2ED /* StageEditor.h */ = {isa = PBXFileReference; fileEncoding = 4; lastKnownFileType = sourcecode.c.h; name = StageEditor.h; path = Views/StageEditor.h; sourceTree = "<group>"; };
		40A6571815C7605A00DEC2ED /* StageEditor.m */ = {isa = PBXFileReference; fileEncoding = 4; lastKnownFileType = sourcecode.c.objc; name = StageEditor.m; path = Views/StageEditor.m; sourceTree = "<group>"; };
		40A6571A15C7661500DEC2ED /* redCurtains.jpeg */ = {isa = PBXFileReference; lastKnownFileType = image.jpeg; name = redCurtains.jpeg; path = Resources/redCurtains.jpeg; sourceTree = "<group>"; };
		40BC356715CA437F00134880 /* performer.png */ = {isa = PBXFileReference; lastKnownFileType = image.png; path = performer.png; sourceTree = "<group>"; };
		40E4F74E15E45BAE0058483D /* CreateGroupView.h */ = {isa = PBXFileReference; fileEncoding = 4; lastKnownFileType = sourcecode.c.h; name = CreateGroupView.h; path = Views/CreateGroupView.h; sourceTree = "<group>"; };
		40E4F74F15E45BAE0058483D /* CreateGroupView.m */ = {isa = PBXFileReference; fileEncoding = 4; lastKnownFileType = sourcecode.c.objc; name = CreateGroupView.m; path = Views/CreateGroupView.m; sourceTree = "<group>"; };
		40E4F75215E496D00058483D /* AddGroupViewController.h */ = {isa = PBXFileReference; fileEncoding = 4; lastKnownFileType = sourcecode.c.h; name = AddGroupViewController.h; path = Controllers/AddGroupViewController.h; sourceTree = "<group>"; };
		40E4F75315E496D00058483D /* AddGroupViewController.m */ = {isa = PBXFileReference; fileEncoding = 4; lastKnownFileType = sourcecode.c.objc; name = AddGroupViewController.m; path = Controllers/AddGroupViewController.m; sourceTree = "<group>"; };
		40E4F75515E5907D0058483D /* CreateMemberView.h */ = {isa = PBXFileReference; fileEncoding = 4; lastKnownFileType = sourcecode.c.h; name = CreateMemberView.h; path = Views/CreateMemberView.h; sourceTree = "<group>"; };
		40E4F75615E5907D0058483D /* CreateMemberView.m */ = {isa = PBXFileReference; fileEncoding = 4; lastKnownFileType = sourcecode.c.objc; name = CreateMemberView.m; path = Views/CreateMemberView.m; sourceTree = "<group>"; };
		40E4F75815E590B50058483D /* AddMemberViewController.h */ = {isa = PBXFileReference; fileEncoding = 4; lastKnownFileType = sourcecode.c.h; name = AddMemberViewController.h; path = Controllers/AddMemberViewController.h; sourceTree = "<group>"; };
		40E4F75915E590B50058483D /* AddMemberViewController.m */ = {isa = PBXFileReference; fileEncoding = 4; lastKnownFileType = sourcecode.c.objc; name = AddMemberViewController.m; path = Controllers/AddMemberViewController.m; sourceTree = "<group>"; };
		571013B316FA45AE00786F07 /* DummyMainView.h */ = {isa = PBXFileReference; fileEncoding = 4; lastKnownFileType = sourcecode.c.h; path = DummyMainView.h; sourceTree = "<group>"; };
		571013B416FA45AF00786F07 /* DummyMainView.m */ = {isa = PBXFileReference; fileEncoding = 4; lastKnownFileType = sourcecode.c.objc; path = DummyMainView.m; sourceTree = "<group>"; };
		571013BA16FA96AA00786F07 /* DummyMainViewController.h */ = {isa = PBXFileReference; fileEncoding = 4; lastKnownFileType = sourcecode.c.h; path = DummyMainViewController.h; sourceTree = "<group>"; };
		571013BB16FA96AA00786F07 /* DummyMainViewController.m */ = {isa = PBXFileReference; fileEncoding = 4; lastKnownFileType = sourcecode.c.objc; path = DummyMainViewController.m; sourceTree = "<group>"; };
		5757A4AE16D5EF14007D172C /* bg-bar-violet.png */ = {isa = PBXFileReference; lastKnownFileType = image.png; path = "bg-bar-violet.png"; sourceTree = "<group>"; };
/* End PBXFileReference section */

/* Begin PBXFrameworksBuildPhase section */
		40A656CF15C1B9D200DEC2ED /* Frameworks */ = {
			isa = PBXFrameworksBuildPhase;
			buildActionMask = 2147483647;
			files = (
				40A656D715C1B9D200DEC2ED /* UIKit.framework in Frameworks */,
				40A656D915C1B9D200DEC2ED /* Foundation.framework in Frameworks */,
				40A656DB15C1B9D200DEC2ED /* CoreGraphics.framework in Frameworks */,
				4045C09215C79B5C00FF9353 /* QuartzCore.framework in Frameworks */,
			);
			runOnlyForDeploymentPostprocessing = 0;
		};
/* End PBXFrameworksBuildPhase section */

/* Begin PBXGroup section */
		40A656C715C1B9D200DEC2ED = {
			isa = PBXGroup;
			children = (
				40A656DC15C1B9D200DEC2ED /* BlockLight */,
				40A656D515C1B9D200DEC2ED /* Frameworks */,
				40A656D315C1B9D200DEC2ED /* Products */,
			);
			sourceTree = "<group>";
		};
		40A656D315C1B9D200DEC2ED /* Products */ = {
			isa = PBXGroup;
			children = (
				40A656D215C1B9D200DEC2ED /* BlockLight.app */,
			);
			name = Products;
			sourceTree = "<group>";
		};
		40A656D515C1B9D200DEC2ED /* Frameworks */ = {
			isa = PBXGroup;
			children = (
				4045C09115C79B5C00FF9353 /* QuartzCore.framework */,
				40A656D615C1B9D200DEC2ED /* UIKit.framework */,
				40A656D815C1B9D200DEC2ED /* Foundation.framework */,
				40A656DA15C1B9D200DEC2ED /* CoreGraphics.framework */,
			);
			name = Frameworks;
			sourceTree = "<group>";
		};
		40A656DC15C1B9D200DEC2ED /* BlockLight */ = {
			isa = PBXGroup;
			children = (
				40A656E515C1B9D200DEC2ED /* AppDelegate.h */,
				40A656E615C1B9D200DEC2ED /* AppDelegate.m */,
				40A656F315C1BEF800DEC2ED /* Model */,
				40A6570B15C1ECF000DEC2ED /* Controllers */,
				40A6570515C1E6F000DEC2ED /* View */,
				40A6571115C1EFC400DEC2ED /* Resources */,
				40A656DD15C1B9D200DEC2ED /* Supporting Files */,
				40A656FE15C1C90000DEC2ED /* Utility Files */,
			);
			path = BlockLight;
			sourceTree = "<group>";
		};
		40A656DD15C1B9D200DEC2ED /* Supporting Files */ = {
			isa = PBXGroup;
			children = (
				40A656DE15C1B9D200DEC2ED /* BlockLight-Info.plist */,
				40A656DF15C1B9D200DEC2ED /* InfoPlist.strings */,
				40A656E215C1B9D200DEC2ED /* main.m */,
				40A656E415C1B9D200DEC2ED /* BlockLight-Prefix.pch */,
			);
			name = "Supporting Files";
			sourceTree = "<group>";
		};
		40A656F315C1BEF800DEC2ED /* Model */ = {
			isa = PBXGroup;
			children = (
				40A656ED15C1BD3B00DEC2ED /* Production.h */,
				40A656EE15C1BD3B00DEC2ED /* Production.m */,
				40A656F715C1BF4900DEC2ED /* SetPiece.h */,
				40A656F815C1BF4900DEC2ED /* SetPiece.m */,
				40A656FA15C1BF5C00DEC2ED /* Performer.h */,
				40A656FB15C1BF5C00DEC2ED /* Performer.m */,
				4073FC3C15EC7ACD00E1A96D /* Group.h */,
				4073FC3D15EC7ACD00E1A96D /* Group.m */,
				40A6570215C1D52D00DEC2ED /* Stage.h */,
				40A6570315C1D52E00DEC2ED /* Stage.m */,
				40A656F015C1BEE600DEC2ED /* Scene.h */,
				40A656F115C1BEE600DEC2ED /* Scene.m */,
				4073FC4015EC7D4500E1A96D /* userData.h */,
				4073FC4115EC7D4500E1A96D /* userData.m */,
				4088CA5A15EF233500163B66 /* Frame.h */,
				4088CA5B15EF233500163B66 /* Frame.m */,
				4088CA6015F00B3400163B66 /* Position.h */,
				4088CA6115F00B3400163B66 /* Position.m */,
			);
			name = Model;
			sourceTree = "<group>";
		};
		40A656FE15C1C90000DEC2ED /* Utility Files */ = {
			isa = PBXGroup;
			children = (
				40A656FD15C1C8FB00DEC2ED /* Defaults.h */,
				40A656FF15C1CB6D00DEC2ED /* Location.h */,
				40A6570015C1CB6D00DEC2ED /* Location.m */,
			);
			name = "Utility Files";
			sourceTree = "<group>";
		};
		40A6570515C1E6F000DEC2ED /* View */ = {
			isa = PBXGroup;
			children = (
				40A6570815C1E7B300DEC2ED /* MainView.h */,
				40A6570915C1E7B300DEC2ED /* MainView.m */,
				40A6571715C7605A00DEC2ED /* StageEditor.h */,
				40A6571815C7605A00DEC2ED /* StageEditor.m */,
				4052779F15CA350E0031E022 /* GridTableViewCell.h */,
				405277A015CA350E0031E022 /* GridTableViewCell.m */,
				407677F815D0794100057063 /* RadialGloss.h */,
				407677F915D0794100057063 /* RadialGloss.m */,
				4076781215D6D6E700057063 /* homeDetailViewCell.h */,
				4076781315D6D6E700057063 /* homeDetailViewCell.m */,
				4055BF7315DCB03E00CF0701 /* GroupViewCell.h */,
				4055BF7415DCB03E00CF0701 /* GroupViewCell.m */,
				4036B5F915DDDFDF009B546F /* MasterView.h */,
				4036B5FA15DDDFDF009B546F /* MasterView.m */,
				4071F9F215DE068800714075 /* ContactsView.h */,
				4071F9F315DE068800714075 /* ContactsView.m */,
				40E4F74E15E45BAE0058483D /* CreateGroupView.h */,
				40E4F74F15E45BAE0058483D /* CreateGroupView.m */,
				40E4F75515E5907D0058483D /* CreateMemberView.h */,
				40E4F75615E5907D0058483D /* CreateMemberView.m */,
				4073FC4315ED8A3400E1A96D /* performerCell.h */,
				4073FC4415ED8A3400E1A96D /* performerCell.m */,
				4073FC4615EEC34200E1A96D /* CreatePerformance.h */,
				4073FC4715EEC34300E1A96D /* CreatePerformance.m */,
				4088CA6615F56BBB00163B66 /* NoteView.h */,
				4088CA6715F56BBB00163B66 /* NoteView.m */,
				4088CA6915F588FD00163B66 /* TimeLineViewCell.h */,
				4088CA6A15F588FE00163B66 /* TimeLineViewCell.m */,
				571013B316FA45AE00786F07 /* DummyMainView.h */,
				571013B416FA45AF00786F07 /* DummyMainView.m */,
			);
			name = View;
			sourceTree = "<group>";
		};
		40A6570B15C1ECF000DEC2ED /* Controllers */ = {
			isa = PBXGroup;
			children = (
				40A6570C15C1ED3400DEC2ED /* MainViewController.h */,
				40A6570D15C1ED3400DEC2ED /* MainViewController.m */,
				4088CA6315F56B3B00163B66 /* NoteViewController.h */,
				4088CA6415F56B3C00163B66 /* NoteViewController.m */,
				40A6571415C7601100DEC2ED /* StageEditorController.h */,
				40A6571515C7601100DEC2ED /* StageEditorController.m */,
				4020C55015D0576E009D9459 /* homeDetailViewController.h */,
				4020C55115D0576E009D9459 /* homeDetailViewController.m */,
				4020C55315D059A2009D9459 /* homeMasterViewController.h */,
				4020C55415D059A2009D9459 /* homeMasterViewController.m */,
				4055BF5F15DB069C00CF0701 /* GroupViewController.h */,
				4055BF6015DB069C00CF0701 /* GroupViewController.m */,
				4071F9EF15DE066900714075 /* ContactsViewController.h */,
				4071F9F015DE066900714075 /* ContactsViewController.m */,
				40E4F75215E496D00058483D /* AddGroupViewController.h */,
				40E4F75315E496D00058483D /* AddGroupViewController.m */,
				40E4F75815E590B50058483D /* AddMemberViewController.h */,
				40E4F75915E590B50058483D /* AddMemberViewController.m */,
				4073FC4915EEC36900E1A96D /* AddPerformanceViewController.h */,
				4073FC4A15EEC36900E1A96D /* AddPerformanceViewController.m */,
				571013BA16FA96AA00786F07 /* DummyMainViewController.h */,
				571013BB16FA96AA00786F07 /* DummyMainViewController.m */,
			);
			name = Controllers;
			sourceTree = "<group>";
		};
		40A6571115C1EFC400DEC2ED /* Resources */ = {
			isa = PBXGroup;
			children = (
				4088CA5E15EFDC3500163B66 /* production-settings.png */,
				4071F9EC15DE048900714075 /* bg-production.jpg */,
				4036B5F715DD78A8009B546F /* bg-bar-red.png */,
				4055BF6D15DB16EF00CF0701 /* bg-bar-blue.png */,
				4055BF6E15DB16EF00CF0701 /* bg-bar-green.png */,
				4055BF6B15DB144300CF0701 /* bg-main.png */,
				5757A4AE16D5EF14007D172C /* bg-bar-violet.png */,
				400185C115D9A00600962CA5 /* testImage.png */,
				40BC356715CA437F00134880 /* performer.png */,
				40A6571A15C7661500DEC2ED /* redCurtains.jpeg */,
				40A6571215C1EFF900DEC2ED /* Strings.plist */,
			);
			name = Resources;
			sourceTree = "<group>";
		};
/* End PBXGroup section */

/* Begin PBXNativeTarget section */
		40A656D115C1B9D200DEC2ED /* BlockLight */ = {
			isa = PBXNativeTarget;
			buildConfigurationList = 40A656EA15C1B9D200DEC2ED /* Build configuration list for PBXNativeTarget "BlockLight" */;
			buildPhases = (
				40A656CE15C1B9D200DEC2ED /* Sources */,
				40A656CF15C1B9D200DEC2ED /* Frameworks */,
				40A656D015C1B9D200DEC2ED /* Resources */,
			);
			buildRules = (
			);
			dependencies = (
			);
			name = BlockLight;
			productName = BlockLight;
			productReference = 40A656D215C1B9D200DEC2ED /* BlockLight.app */;
			productType = "com.apple.product-type.application";
		};
/* End PBXNativeTarget section */

/* Begin PBXProject section */
		40A656C915C1B9D200DEC2ED /* Project object */ = {
			isa = PBXProject;
			attributes = {
				LastUpgradeCheck = 0440;
				ORGANIZATIONNAME = BlockLight;
			};
			buildConfigurationList = 40A656CC15C1B9D200DEC2ED /* Build configuration list for PBXProject "BlockLight" */;
			compatibilityVersion = "Xcode 3.2";
			developmentRegion = English;
			hasScannedForEncodings = 0;
			knownRegions = (
				en,
			);
			mainGroup = 40A656C715C1B9D200DEC2ED;
			productRefGroup = 40A656D315C1B9D200DEC2ED /* Products */;
			projectDirPath = "";
			projectRoot = "";
			targets = (
				40A656D115C1B9D200DEC2ED /* BlockLight */,
			);
		};
/* End PBXProject section */

/* Begin PBXResourcesBuildPhase section */
		40A656D015C1B9D200DEC2ED /* Resources */ = {
			isa = PBXResourcesBuildPhase;
			buildActionMask = 2147483647;
			files = (
				40A656E115C1B9D200DEC2ED /* InfoPlist.strings in Resources */,
				40A6571315C1EFF900DEC2ED /* Strings.plist in Resources */,
				40A6571B15C7661500DEC2ED /* redCurtains.jpeg in Resources */,
				40BC356815CA437F00134880 /* performer.png in Resources */,
				400185C215D9A00600962CA5 /* testImage.png in Resources */,
				4055BF6C15DB144300CF0701 /* bg-main.png in Resources */,
				4055BF7015DB16EF00CF0701 /* bg-bar-blue.png in Resources */,
				4055BF7115DB16EF00CF0701 /* bg-bar-green.png in Resources */,
				4036B5F815DD78A8009B546F /* bg-bar-red.png in Resources */,
				4071F9ED15DE048900714075 /* bg-production.jpg in Resources */,
				4088CA5F15EFDC3500163B66 /* production-settings.png in Resources */,
				5757A4AF16D5EF14007D172C /* bg-bar-violet.png in Resources */,
			);
			runOnlyForDeploymentPostprocessing = 0;
		};
/* End PBXResourcesBuildPhase section */

/* Begin PBXSourcesBuildPhase section */
		40A656CE15C1B9D200DEC2ED /* Sources */ = {
			isa = PBXSourcesBuildPhase;
			buildActionMask = 2147483647;
			files = (
				40A656E315C1B9D200DEC2ED /* main.m in Sources */,
				40A656E715C1B9D200DEC2ED /* AppDelegate.m in Sources */,
				40A656EF15C1BD3B00DEC2ED /* Production.m in Sources */,
				40A656F215C1BEE600DEC2ED /* Scene.m in Sources */,
				40A656F915C1BF4900DEC2ED /* SetPiece.m in Sources */,
				40A656FC15C1BF5C00DEC2ED /* Performer.m in Sources */,
				40A6570115C1CB6D00DEC2ED /* Location.m in Sources */,
				40A6570415C1D52E00DEC2ED /* Stage.m in Sources */,
				40A6570A15C1E7B300DEC2ED /* MainView.m in Sources */,
				40A6570E15C1ED3500DEC2ED /* MainViewController.m in Sources */,
				40A6571615C7601100DEC2ED /* StageEditorController.m in Sources */,
				40A6571915C7605A00DEC2ED /* StageEditor.m in Sources */,
				405277A115CA350E0031E022 /* GridTableViewCell.m in Sources */,
				4020C55215D0576E009D9459 /* homeDetailViewController.m in Sources */,
				4020C55515D059A2009D9459 /* homeMasterViewController.m in Sources */,
				407677FA15D0794100057063 /* RadialGloss.m in Sources */,
				4076781415D6D6E700057063 /* homeDetailViewCell.m in Sources */,
				4055BF6115DB069C00CF0701 /* GroupViewController.m in Sources */,
				4055BF7515DCB03E00CF0701 /* GroupViewCell.m in Sources */,
				4036B5FB15DDDFDF009B546F /* MasterView.m in Sources */,
				4071F9F115DE066900714075 /* ContactsViewController.m in Sources */,
				4071F9F415DE068800714075 /* ContactsView.m in Sources */,
				40E4F75015E45BAE0058483D /* CreateGroupView.m in Sources */,
				40E4F75415E496D00058483D /* AddGroupViewController.m in Sources */,
				40E4F75715E5907E0058483D /* CreateMemberView.m in Sources */,
				40E4F75A15E590B60058483D /* AddMemberViewController.m in Sources */,
				4073FC3E15EC7ACD00E1A96D /* Group.m in Sources */,
				4073FC4215EC7D4500E1A96D /* userData.m in Sources */,
				4073FC4515ED8A3400E1A96D /* performerCell.m in Sources */,
				4073FC4815EEC34300E1A96D /* CreatePerformance.m in Sources */,
				4073FC4B15EEC36A00E1A96D /* AddPerformanceViewController.m in Sources */,
				4088CA5C15EF233500163B66 /* Frame.m in Sources */,
				4088CA6215F00B3500163B66 /* Position.m in Sources */,
				4088CA6515F56B3C00163B66 /* NoteViewController.m in Sources */,
				4088CA6815F56BBB00163B66 /* NoteView.m in Sources */,
				4088CA6B15F588FF00163B66 /* TimeLineViewCell.m in Sources */,
				571013B516FA45AF00786F07 /* DummyMainView.m in Sources */,
				571013BC16FA96AA00786F07 /* DummyMainViewController.m in Sources */,
			);
			runOnlyForDeploymentPostprocessing = 0;
		};
/* End PBXSourcesBuildPhase section */

/* Begin PBXVariantGroup section */
		40A656DF15C1B9D200DEC2ED /* InfoPlist.strings */ = {
			isa = PBXVariantGroup;
			children = (
				40A656E015C1B9D200DEC2ED /* en */,
			);
			name = InfoPlist.strings;
			sourceTree = "<group>";
		};
/* End PBXVariantGroup section */

/* Begin XCBuildConfiguration section */
		4088CA6C15F8207E00163B66 /* Distribution */ = {
			isa = XCBuildConfiguration;
			buildSettings = {
				ALWAYS_SEARCH_USER_PATHS = NO;
				ARCHS = "$(ARCHS_STANDARD_32_BIT)";
				CLANG_ENABLE_OBJC_ARC = YES;
				CODE_SIGN_IDENTITY = "";
				"CODE_SIGN_IDENTITY[sdk=iphoneos*]" = "iPhone Distribution: Christopher Ames";
				COPY_PHASE_STRIP = YES;
				GCC_C_LANGUAGE_STANDARD = gnu99;
				GCC_VERSION = com.apple.compilers.llvm.clang.1_0;
				GCC_WARN_ABOUT_MISSING_PROTOTYPES = YES;
				GCC_WARN_ABOUT_RETURN_TYPE = YES;
				GCC_WARN_UNUSED_VARIABLE = YES;
				IPHONEOS_DEPLOYMENT_TARGET = 5.0;
				OTHER_CFLAGS = "-DNS_BLOCK_ASSERTIONS=1";
				"PROVISIONING_PROFILE[sdk=iphoneos*]" = "C81DD705-7C8B-4EAC-9BD6-F227E716F78A";
				SDKROOT = iphoneos;
				TARGETED_DEVICE_FAMILY = 2;
				VALIDATE_PRODUCT = YES;
			};
			name = Distribution;
		};
		4088CA6D15F8207E00163B66 /* Distribution */ = {
			isa = XCBuildConfiguration;
			buildSettings = {
				CODE_SIGN_ENTITLEMENTS = BlockLight/BlockLight.entitlements;
				GCC_PRECOMPILE_PREFIX_HEADER = YES;
				GCC_PREFIX_HEADER = "BlockLight/BlockLight-Prefix.pch";
				INFOPLIST_FILE = "BlockLight/BlockLight-Info.plist";
				PRODUCT_NAME = "$(TARGET_NAME)";
				WRAPPER_EXTENSION = app;
			};
			name = Distribution;
		};
		40A656E815C1B9D200DEC2ED /* Debug */ = {
			isa = XCBuildConfiguration;
			buildSettings = {
				ALWAYS_SEARCH_USER_PATHS = NO;
				ARCHS = "$(ARCHS_STANDARD_32_BIT)";
				CLANG_ENABLE_OBJC_ARC = YES;
				CODE_SIGN_IDENTITY = "";
				"CODE_SIGN_IDENTITY[sdk=iphoneos*]" = "iPhone Developer: Christopher Ames (5HRJ5G2499)";
				COPY_PHASE_STRIP = NO;
				GCC_C_LANGUAGE_STANDARD = gnu99;
				GCC_DYNAMIC_NO_PIC = NO;
				GCC_OPTIMIZATION_LEVEL = 0;
				GCC_PREPROCESSOR_DEFINITIONS = (
					"DEBUG=1",
					"$(inherited)",
				);
				GCC_SYMBOLS_PRIVATE_EXTERN = NO;
				GCC_VERSION = com.apple.compilers.llvm.clang.1_0;
				GCC_WARN_ABOUT_MISSING_PROTOTYPES = YES;
				GCC_WARN_ABOUT_RETURN_TYPE = YES;
				GCC_WARN_UNUSED_VARIABLE = YES;
				IPHONEOS_DEPLOYMENT_TARGET = 5.0;
				"PROVISIONING_PROFILE[sdk=iphoneos*]" = "D2ACE067-BA5C-418A-9106-85FC9A3B036E";
				SDKROOT = iphoneos;
				TARGETED_DEVICE_FAMILY = 2;
			};
			name = Debug;
		};
		40A656E915C1B9D200DEC2ED /* Release */ = {
			isa = XCBuildConfiguration;
			buildSettings = {
				ALWAYS_SEARCH_USER_PATHS = NO;
				ARCHS = "$(ARCHS_STANDARD_32_BIT)";
				CLANG_ENABLE_OBJC_ARC = YES;
				CODE_SIGN_IDENTITY = "";
				"CODE_SIGN_IDENTITY[sdk=iphoneos*]" = "iPhone Distribution: Christopher Ames";
				COPY_PHASE_STRIP = YES;
				GCC_C_LANGUAGE_STANDARD = gnu99;
				GCC_VERSION = com.apple.compilers.llvm.clang.1_0;
				GCC_WARN_ABOUT_MISSING_PROTOTYPES = YES;
				GCC_WARN_ABOUT_RETURN_TYPE = YES;
				GCC_WARN_UNUSED_VARIABLE = YES;
				IPHONEOS_DEPLOYMENT_TARGET = 5.0;
				OTHER_CFLAGS = "-DNS_BLOCK_ASSERTIONS=1";
				"PROVISIONING_PROFILE[sdk=iphoneos*]" = "C81DD705-7C8B-4EAC-9BD6-F227E716F78A";
				SDKROOT = iphoneos;
				TARGETED_DEVICE_FAMILY = 2;
				VALIDATE_PRODUCT = YES;
			};
			name = Release;
		};
		40A656EB15C1B9D200DEC2ED /* Debug */ = {
			isa = XCBuildConfiguration;
			buildSettings = {
				CODE_SIGN_ENTITLEMENTS = BlockLight/BlockLight.entitlements;
				GCC_PRECOMPILE_PREFIX_HEADER = YES;
				GCC_PREFIX_HEADER = "BlockLight/BlockLight-Prefix.pch";
				INFOPLIST_FILE = "BlockLight/BlockLight-Info.plist";
				PRODUCT_NAME = "$(TARGET_NAME)";
				WRAPPER_EXTENSION = app;
			};
			name = Debug;
		};
		40A656EC15C1B9D200DEC2ED /* Release */ = {
			isa = XCBuildConfiguration;
			buildSettings = {
				CODE_SIGN_ENTITLEMENTS = BlockLight/BlockLight.entitlements;
				GCC_PRECOMPILE_PREFIX_HEADER = YES;
				GCC_PREFIX_HEADER = "BlockLight/BlockLight-Prefix.pch";
				INFOPLIST_FILE = "BlockLight/BlockLight-Info.plist";
				PRODUCT_NAME = "$(TARGET_NAME)";
				WRAPPER_EXTENSION = app;
			};
			name = Release;
		};
/* End XCBuildConfiguration section */

/* Begin XCConfigurationList section */
		40A656CC15C1B9D200DEC2ED /* Build configuration list for PBXProject "BlockLight" */ = {
			isa = XCConfigurationList;
			buildConfigurations = (
				40A656E815C1B9D200DEC2ED /* Debug */,
				40A656E915C1B9D200DEC2ED /* Release */,
				4088CA6C15F8207E00163B66 /* Distribution */,
			);
			defaultConfigurationIsVisible = 0;
			defaultConfigurationName = Release;
		};
		40A656EA15C1B9D200DEC2ED /* Build configuration list for PBXNativeTarget "BlockLight" */ = {
			isa = XCConfigurationList;
			buildConfigurations = (
				40A656EB15C1B9D200DEC2ED /* Debug */,
				40A656EC15C1B9D200DEC2ED /* Release */,
				4088CA6D15F8207E00163B66 /* Distribution */,
			);
			defaultConfigurationIsVisible = 0;
			defaultConfigurationName = Release;
		};
/* End XCConfigurationList section */
	};
	rootObject = 40A656C915C1B9D200DEC2ED /* Project object */;
}
